// !$*UTF8*$!
{
	archiveVersion = 1;
	classes = {
	};
	objectVersion = 54;
	objects = {

/* Begin PBXBuildFile section */
		00E356F31AD99517003FC87E /* tech_gymTests.m in Sources */ = {isa = PBXBuildFile; fileRef = 00E356F21AD99517003FC87E /* tech_gymTests.m */; };
		0C80B921A6F3F58F76C31292 /* libPods-tech_gym.a in Frameworks */ = {isa = PBXBuildFile; fileRef = 5DCACB8F33CDC322A6C60F78 /* libPods-tech_gym.a */; };
		13B07FBC1A68108700A75B9A /* AppDelegate.mm in Sources */ = {isa = PBXBuildFile; fileRef = 13B07FB01A68108700A75B9A /* AppDelegate.mm */; };
		13B07FBF1A68108700A75B9A /* Images.xcassets in Resources */ = {isa = PBXBuildFile; fileRef = 13B07FB51A68108700A75B9A /* Images.xcassets */; };
		13B07FC11A68108700A75B9A /* main.m in Sources */ = {isa = PBXBuildFile; fileRef = 13B07FB71A68108700A75B9A /* main.m */; };
		7699B88040F8A987B510C191 /* libPods-tech_gym-tech_gymTests.a in Frameworks */ = {isa = PBXBuildFile; fileRef = 19F6CBCC0A4E27FBF8BF4A61 /* libPods-tech_gym-tech_gymTests.a */; };
		81AB9BB82411601600AC10FF /* LaunchScreen.storyboard in Resources */ = {isa = PBXBuildFile; fileRef = 81AB9BB72411601600AC10FF /* LaunchScreen.storyboard */; };
		365E124AC44C4AC7A7A3A457 /* DMSans-Medium.ttf in Resources */ = {isa = PBXBuildFile; fileRef = A86B19847D6A4B528D56807B /* DMSans-Medium.ttf */; };
		273AD76364D74BCB99EAC32A /* DMSans-Regular.ttf in Resources */ = {isa = PBXBuildFile; fileRef = 869D0A4AF8694D2D8A285712 /* DMSans-Regular.ttf */; };
		0166E6C7456B43DB9ABF80D5 /* DMSans-SemiBold.ttf in Resources */ = {isa = PBXBuildFile; fileRef = 96C674F27C4C4E728F288E28 /* DMSans-SemiBold.ttf */; };
		F6BD7AB392BE4FD792C6E936 /* DMSans.ttf in Resources */ = {isa = PBXBuildFile; fileRef = 162CEE83B2044444A8D77CCB /* DMSans.ttf */; };
		E6DC20AE42FC4ACF90AC26C1 /* Garet Bold.ttf in Resources */ = {isa = PBXBuildFile; fileRef = BCDF3F1F0F2E48629E4F6109 /* Garet Bold.ttf */; };
		A52A2EBE869744BDA36F9FAB /* Garet.ttf in Resources */ = {isa = PBXBuildFile; fileRef = 3C9D4C9113E44CF993A16AEE /* Garet.ttf */; };
		13B77CEA604F4D1F89C152C0 /* Inter-Black.ttf in Resources */ = {isa = PBXBuildFile; fileRef = 37CB217F1F5D4AFF8386A687 /* Inter-Black.ttf */; };
		8B8C9FBC8D6A46D282F0CFB5 /* Inter-Bold.ttf in Resources */ = {isa = PBXBuildFile; fileRef = 3D3F9EF5B5F944AA9DBEE8C3 /* Inter-Bold.ttf */; };
		DFCC7773D7DA47B698037824 /* Inter-ExtraBold.ttf in Resources */ = {isa = PBXBuildFile; fileRef = 29A8D8C92FAF4DC9A672845D /* Inter-ExtraBold.ttf */; };
		D75E78E7D57F4DC1A2093FA2 /* Inter-ExtraLight.ttf in Resources */ = {isa = PBXBuildFile; fileRef = 455469370E494AC5A448F033 /* Inter-ExtraLight.ttf */; };
		C0E6B69809024EC596993AD3 /* Inter-Light.ttf in Resources */ = {isa = PBXBuildFile; fileRef = 4C885119582048DBA0AC4BE5 /* Inter-Light.ttf */; };
		49BF496A6D504926B46FE98C /* Inter-Medium.ttf in Resources */ = {isa = PBXBuildFile; fileRef = 36E64DCAA9F940848621BC18 /* Inter-Medium.ttf */; };
		741A6FDA1A2D44F2906C6BED /* Inter-Regular.ttf in Resources */ = {isa = PBXBuildFile; fileRef = 367EF5F6971A439B959B0F78 /* Inter-Regular.ttf */; };
		E6F7C903E72C4523BE5357E2 /* Inter-SemiBold.ttf in Resources */ = {isa = PBXBuildFile; fileRef = 4832086DBA014E8A8315B99A /* Inter-SemiBold.ttf */; };
		87813A6284254516B4A7B96F /* Inter-Thin.ttf in Resources */ = {isa = PBXBuildFile; fileRef = 8A81B12E156046CCAAB8D3B3 /* Inter-Thin.ttf */; };
		3E7E7DED94D14A81B6F83F33 /* Inter-VariableFont_slnt,wght.ttf in Resources */ = {isa = PBXBuildFile; fileRef = 5135600002714B3C88EB53FC /* Inter-VariableFont_slnt,wght.ttf */; };
		1C6BECA1D4C54571ACDAC887 /* Inter.ttf in Resources */ = {isa = PBXBuildFile; fileRef = F34F124486774D79914AA97E /* Inter.ttf */; };
		48085ACDA47647E7BF58F3DA /* Montserrat-Bold.ttf in Resources */ = {isa = PBXBuildFile; fileRef = 0394A8AEED50462AA1737803 /* Montserrat-Bold.ttf */; };
		23C13B84F9AE47449F6FAA2A /* Montserrat-ExtraLight.ttf in Resources */ = {isa = PBXBuildFile; fileRef = 83B625A476A54F9C8F20BEDD /* Montserrat-ExtraLight.ttf */; };
		F4A02D941908444DB9550BB9 /* Montserrat-Light.ttf in Resources */ = {isa = PBXBuildFile; fileRef = 88D96395FEC249E8AD0374D2 /* Montserrat-Light.ttf */; };
		2E1135785E4C44AB94D89939 /* Montserrat-Regular.ttf in Resources */ = {isa = PBXBuildFile; fileRef = 8A9FA4A9B5684889B3572CFA /* Montserrat-Regular.ttf */; };
		7403B9405CC5452D84A7B916 /* Montserrat-Thin.ttf in Resources */ = {isa = PBXBuildFile; fileRef = 814D3FEE75784CFB885B4F72 /* Montserrat-Thin.ttf */; };
		AE0940D2899D4B37B877AF61 /* Montserrat.ttf in Resources */ = {isa = PBXBuildFile; fileRef = D50FB743C3214D318437E38F /* Montserrat.ttf */; };
		0DE882D00E034546A392A94B /* Monument.ttf in Resources */ = {isa = PBXBuildFile; fileRef = 1275D926DAE641DCB0045482 /* Monument.ttf */; };
		C42F6847B07E4C049D9E2AC6 /* Poppins Regular.ttf in Resources */ = {isa = PBXBuildFile; fileRef = 655871AC036B42FAA8A2E51E /* Poppins Regular.ttf */; };
		7F50AFC9D9FB4986AAEEC6ED /* Poppins-Black.ttf in Resources */ = {isa = PBXBuildFile; fileRef = 0C75C297F69A4056A4C282BE /* Poppins-Black.ttf */; };
		77BF0ADB9A5543E9B7CD7213 /* Poppins-BlackItalic.ttf in Resources */ = {isa = PBXBuildFile; fileRef = F984CCA523D5408F9EA71642 /* Poppins-BlackItalic.ttf */; };
		0649109590EE4E7CAF633975 /* Poppins-Bold.ttf in Resources */ = {isa = PBXBuildFile; fileRef = A33EDCDE8DF24657B971A5F2 /* Poppins-Bold.ttf */; };
		CB8955A2E62344CC9FDBB50F /* Poppins-BoldItalic.ttf in Resources */ = {isa = PBXBuildFile; fileRef = 46A9AC12350647BE8EEB12EC /* Poppins-BoldItalic.ttf */; };
		28B2CAEF49D545CEA1C4DF61 /* Poppins-ExtraBold.ttf in Resources */ = {isa = PBXBuildFile; fileRef = 780E1A3B071441C7A9315674 /* Poppins-ExtraBold.ttf */; };
		7F3C50CEC4554A4C88DB1535 /* Poppins-ExtraBoldItalic.ttf in Resources */ = {isa = PBXBuildFile; fileRef = C3AF1A599FB74B389BA7F418 /* Poppins-ExtraBoldItalic.ttf */; };
		F8CE865947834FF99B90C1A6 /* Poppins-ExtraLight.ttf in Resources */ = {isa = PBXBuildFile; fileRef = 1AA200F3B18F454F940ED5A1 /* Poppins-ExtraLight.ttf */; };
		CE8C0BDB683640459CE97610 /* Poppins-ExtraLightItalic.ttf in Resources */ = {isa = PBXBuildFile; fileRef = EF330F417C974CB788D2D318 /* Poppins-ExtraLightItalic.ttf */; };
		CB00077ACDC34BE79ED09A83 /* Poppins-Italic.ttf in Resources */ = {isa = PBXBuildFile; fileRef = EAD10660B80B4C83A585E038 /* Poppins-Italic.ttf */; };
		CD7B2CE052744CAC9A1AF9B9 /* Poppins-Light.ttf in Resources */ = {isa = PBXBuildFile; fileRef = 688845E3C4E3427990D919F4 /* Poppins-Light.ttf */; };
		31763A1470DC4A92A2C329DF /* Poppins-LightItalic.ttf in Resources */ = {isa = PBXBuildFile; fileRef = 26103AB07DE74CEB8075AF61 /* Poppins-LightItalic.ttf */; };
		79A3F6FD2C8D4F208DF9BDD5 /* Poppins-Medium.ttf in Resources */ = {isa = PBXBuildFile; fileRef = 5DA4554D59214F15AD8D4FCF /* Poppins-Medium.ttf */; };
		F33074B66A884593AC07CAAB /* Poppins-MediumItalic.ttf in Resources */ = {isa = PBXBuildFile; fileRef = 570A75D52FBB4DDF98CAEE15 /* Poppins-MediumItalic.ttf */; };
		49E3EC97E83C4A5C87A4E943 /* Poppins-Regular.ttf in Resources */ = {isa = PBXBuildFile; fileRef = B2AD80338F324005958DE190 /* Poppins-Regular.ttf */; };
		E7FE92DE08C04CA5A33AF37D /* Poppins-SemiBold.ttf in Resources */ = {isa = PBXBuildFile; fileRef = 6C4F03FB68E24E17AD089541 /* Poppins-SemiBold.ttf */; };
		0D3EB3012F5A4A3DA2790918 /* Poppins-SemiBoldItalic.ttf in Resources */ = {isa = PBXBuildFile; fileRef = BFFEC23DA99D4359991CEA50 /* Poppins-SemiBoldItalic.ttf */; };
		9C6718DE4DDA48D1B85415CC /* Poppins-Thin.ttf in Resources */ = {isa = PBXBuildFile; fileRef = 1C3964E576DD4FF481237470 /* Poppins-Thin.ttf */; };
		1789004807FF42DAB455F1BB /* Poppins-ThinItalic.ttf in Resources */ = {isa = PBXBuildFile; fileRef = 2E3BF77372CB48BEB5150324 /* Poppins-ThinItalic.ttf */; };
		608BB1B044F245CE9B9E9E4F /* DM_Sans.zip in Resources */ = {isa = PBXBuildFile; fileRef = 86D5D6DEB2984041AEA27846 /* DM_Sans.zip */; };
		DFC60C16B1FD44A4A05C4C2B /* Garet.zip in Resources */ = {isa = PBXBuildFile; fileRef = 31FA1635600A42B7BFD629C8 /* Garet.zip */; };
		CC73FCFCEAEA4C1F9184D4F2 /* Inter.zip in Resources */ = {isa = PBXBuildFile; fileRef = B7E27601BFB74B2FBF6F684F /* Inter.zip */; };
		EBA3747D096D4FA29F3157A7 /* Montserrat.zip in Resources */ = {isa = PBXBuildFile; fileRef = B67FC498372146C2897B933A /* Montserrat.zip */; };
		2BE44E78B33A49D8A1F0EC8E /* Poppins.zip in Resources */ = {isa = PBXBuildFile; fileRef = 7B0F6209E13F4CDC9BD27176 /* Poppins.zip */; };
/* End PBXBuildFile section */

/* Begin PBXContainerItemProxy section */
		00E356F41AD99517003FC87E /* PBXContainerItemProxy */ = {
			isa = PBXContainerItemProxy;
			containerPortal = 83CBB9F71A601CBA00E9B192 /* Project object */;
			proxyType = 1;
			remoteGlobalIDString = 13B07F861A680F5B00A75B9A;
			remoteInfo = tech_gym;
		};
/* End PBXContainerItemProxy section */

/* Begin PBXFileReference section */
		00E356EE1AD99517003FC87E /* tech_gymTests.xctest */ = {isa = PBXFileReference; explicitFileType = wrapper.cfbundle; includeInIndex = 0; path = tech_gymTests.xctest; sourceTree = BUILT_PRODUCTS_DIR; };
		00E356F11AD99517003FC87E /* Info.plist */ = {isa = PBXFileReference; lastKnownFileType = text.plist.xml; path = Info.plist; sourceTree = "<group>"; };
		00E356F21AD99517003FC87E /* tech_gymTests.m */ = {isa = PBXFileReference; lastKnownFileType = sourcecode.c.objc; path = tech_gymTests.m; sourceTree = "<group>"; };
		13B07F961A680F5B00A75B9A /* tech_gym.app */ = {isa = PBXFileReference; explicitFileType = wrapper.application; includeInIndex = 0; path = tech_gym.app; sourceTree = BUILT_PRODUCTS_DIR; };
		13B07FAF1A68108700A75B9A /* AppDelegate.h */ = {isa = PBXFileReference; fileEncoding = 4; lastKnownFileType = sourcecode.c.h; name = AppDelegate.h; path = tech_gym/AppDelegate.h; sourceTree = "<group>"; };
		13B07FB01A68108700A75B9A /* AppDelegate.mm */ = {isa = PBXFileReference; fileEncoding = 4; lastKnownFileType = sourcecode.cpp.objcpp; name = AppDelegate.mm; path = tech_gym/AppDelegate.mm; sourceTree = "<group>"; };
		13B07FB51A68108700A75B9A /* Images.xcassets */ = {isa = PBXFileReference; lastKnownFileType = folder.assetcatalog; name = Images.xcassets; path = tech_gym/Images.xcassets; sourceTree = "<group>"; };
		13B07FB61A68108700A75B9A /* Info.plist */ = {isa = PBXFileReference; fileEncoding = 4; lastKnownFileType = text.plist.xml; name = Info.plist; path = tech_gym/Info.plist; sourceTree = "<group>"; };
		13B07FB71A68108700A75B9A /* main.m */ = {isa = PBXFileReference; fileEncoding = 4; lastKnownFileType = sourcecode.c.objc; name = main.m; path = tech_gym/main.m; sourceTree = "<group>"; };
		13B07FB81A68108700A75B9A /* PrivacyInfo.xcprivacy */ = {isa = PBXFileReference; fileEncoding = 4; lastKnownFileType = text.plist.xml; name = PrivacyInfo.xcprivacy; path = tech_gym/PrivacyInfo.xcprivacy; sourceTree = "<group>"; };
		19F6CBCC0A4E27FBF8BF4A61 /* libPods-tech_gym-tech_gymTests.a */ = {isa = PBXFileReference; explicitFileType = archive.ar; includeInIndex = 0; path = "libPods-tech_gym-tech_gymTests.a"; sourceTree = BUILT_PRODUCTS_DIR; };
		3B4392A12AC88292D35C810B /* Pods-tech_gym.debug.xcconfig */ = {isa = PBXFileReference; includeInIndex = 1; lastKnownFileType = text.xcconfig; name = "Pods-tech_gym.debug.xcconfig"; path = "Target Support Files/Pods-tech_gym/Pods-tech_gym.debug.xcconfig"; sourceTree = "<group>"; };
		5709B34CF0A7D63546082F79 /* Pods-tech_gym.release.xcconfig */ = {isa = PBXFileReference; includeInIndex = 1; lastKnownFileType = text.xcconfig; name = "Pods-tech_gym.release.xcconfig"; path = "Target Support Files/Pods-tech_gym/Pods-tech_gym.release.xcconfig"; sourceTree = "<group>"; };
		5B7EB9410499542E8C5724F5 /* Pods-tech_gym-tech_gymTests.debug.xcconfig */ = {isa = PBXFileReference; includeInIndex = 1; lastKnownFileType = text.xcconfig; name = "Pods-tech_gym-tech_gymTests.debug.xcconfig"; path = "Target Support Files/Pods-tech_gym-tech_gymTests/Pods-tech_gym-tech_gymTests.debug.xcconfig"; sourceTree = "<group>"; };
		5DCACB8F33CDC322A6C60F78 /* libPods-tech_gym.a */ = {isa = PBXFileReference; explicitFileType = archive.ar; includeInIndex = 0; path = "libPods-tech_gym.a"; sourceTree = BUILT_PRODUCTS_DIR; };
		81AB9BB72411601600AC10FF /* LaunchScreen.storyboard */ = {isa = PBXFileReference; fileEncoding = 4; lastKnownFileType = file.storyboard; name = LaunchScreen.storyboard; path = tech_gym/LaunchScreen.storyboard; sourceTree = "<group>"; };
		89C6BE57DB24E9ADA2F236DE /* Pods-tech_gym-tech_gymTests.release.xcconfig */ = {isa = PBXFileReference; includeInIndex = 1; lastKnownFileType = text.xcconfig; name = "Pods-tech_gym-tech_gymTests.release.xcconfig"; path = "Target Support Files/Pods-tech_gym-tech_gymTests/Pods-tech_gym-tech_gymTests.release.xcconfig"; sourceTree = "<group>"; };
		ED297162215061F000B7C4FE /* JavaScriptCore.framework */ = {isa = PBXFileReference; lastKnownFileType = wrapper.framework; name = JavaScriptCore.framework; path = System/Library/Frameworks/JavaScriptCore.framework; sourceTree = SDKROOT; };
		A86B19847D6A4B528D56807B /* DMSans-Medium.ttf */ = {isa = PBXFileReference; name = "DMSans-Medium.ttf"; path = "../src/assets/fonts/DMSans-Medium.ttf"; sourceTree = "<group>"; fileEncoding = undefined; lastKnownFileType = unknown; explicitFileType = undefined; includeInIndex = 0; };
		869D0A4AF8694D2D8A285712 /* DMSans-Regular.ttf */ = {isa = PBXFileReference; name = "DMSans-Regular.ttf"; path = "../src/assets/fonts/DMSans-Regular.ttf"; sourceTree = "<group>"; fileEncoding = undefined; lastKnownFileType = unknown; explicitFileType = undefined; includeInIndex = 0; };
		96C674F27C4C4E728F288E28 /* DMSans-SemiBold.ttf */ = {isa = PBXFileReference; name = "DMSans-SemiBold.ttf"; path = "../src/assets/fonts/DMSans-SemiBold.ttf"; sourceTree = "<group>"; fileEncoding = undefined; lastKnownFileType = unknown; explicitFileType = undefined; includeInIndex = 0; };
		162CEE83B2044444A8D77CCB /* DMSans.ttf */ = {isa = PBXFileReference; name = "DMSans.ttf"; path = "../src/assets/fonts/DMSans.ttf"; sourceTree = "<group>"; fileEncoding = undefined; lastKnownFileType = unknown; explicitFileType = undefined; includeInIndex = 0; };
		BCDF3F1F0F2E48629E4F6109 /* Garet Bold.ttf */ = {isa = PBXFileReference; name = "Garet Bold.ttf"; path = "../src/assets/fonts/Garet Bold.ttf"; sourceTree = "<group>"; fileEncoding = undefined; lastKnownFileType = unknown; explicitFileType = undefined; includeInIndex = 0; };
		3C9D4C9113E44CF993A16AEE /* Garet.ttf */ = {isa = PBXFileReference; name = "Garet.ttf"; path = "../src/assets/fonts/Garet.ttf"; sourceTree = "<group>"; fileEncoding = undefined; lastKnownFileType = unknown; explicitFileType = undefined; includeInIndex = 0; };
		37CB217F1F5D4AFF8386A687 /* Inter-Black.ttf */ = {isa = PBXFileReference; name = "Inter-Black.ttf"; path = "../src/assets/fonts/Inter-Black.ttf"; sourceTree = "<group>"; fileEncoding = undefined; lastKnownFileType = unknown; explicitFileType = undefined; includeInIndex = 0; };
		3D3F9EF5B5F944AA9DBEE8C3 /* Inter-Bold.ttf */ = {isa = PBXFileReference; name = "Inter-Bold.ttf"; path = "../src/assets/fonts/Inter-Bold.ttf"; sourceTree = "<group>"; fileEncoding = undefined; lastKnownFileType = unknown; explicitFileType = undefined; includeInIndex = 0; };
		29A8D8C92FAF4DC9A672845D /* Inter-ExtraBold.ttf */ = {isa = PBXFileReference; name = "Inter-ExtraBold.ttf"; path = "../src/assets/fonts/Inter-ExtraBold.ttf"; sourceTree = "<group>"; fileEncoding = undefined; lastKnownFileType = unknown; explicitFileType = undefined; includeInIndex = 0; };
		455469370E494AC5A448F033 /* Inter-ExtraLight.ttf */ = {isa = PBXFileReference; name = "Inter-ExtraLight.ttf"; path = "../src/assets/fonts/Inter-ExtraLight.ttf"; sourceTree = "<group>"; fileEncoding = undefined; lastKnownFileType = unknown; explicitFileType = undefined; includeInIndex = 0; };
		4C885119582048DBA0AC4BE5 /* Inter-Light.ttf */ = {isa = PBXFileReference; name = "Inter-Light.ttf"; path = "../src/assets/fonts/Inter-Light.ttf"; sourceTree = "<group>"; fileEncoding = undefined; lastKnownFileType = unknown; explicitFileType = undefined; includeInIndex = 0; };
		36E64DCAA9F940848621BC18 /* Inter-Medium.ttf */ = {isa = PBXFileReference; name = "Inter-Medium.ttf"; path = "../src/assets/fonts/Inter-Medium.ttf"; sourceTree = "<group>"; fileEncoding = undefined; lastKnownFileType = unknown; explicitFileType = undefined; includeInIndex = 0; };
		367EF5F6971A439B959B0F78 /* Inter-Regular.ttf */ = {isa = PBXFileReference; name = "Inter-Regular.ttf"; path = "../src/assets/fonts/Inter-Regular.ttf"; sourceTree = "<group>"; fileEncoding = undefined; lastKnownFileType = unknown; explicitFileType = undefined; includeInIndex = 0; };
		4832086DBA014E8A8315B99A /* Inter-SemiBold.ttf */ = {isa = PBXFileReference; name = "Inter-SemiBold.ttf"; path = "../src/assets/fonts/Inter-SemiBold.ttf"; sourceTree = "<group>"; fileEncoding = undefined; lastKnownFileType = unknown; explicitFileType = undefined; includeInIndex = 0; };
		8A81B12E156046CCAAB8D3B3 /* Inter-Thin.ttf */ = {isa = PBXFileReference; name = "Inter-Thin.ttf"; path = "../src/assets/fonts/Inter-Thin.ttf"; sourceTree = "<group>"; fileEncoding = undefined; lastKnownFileType = unknown; explicitFileType = undefined; includeInIndex = 0; };
		5135600002714B3C88EB53FC /* Inter-VariableFont_slnt,wght.ttf */ = {isa = PBXFileReference; name = "Inter-VariableFont_slnt,wght.ttf"; path = "../src/assets/fonts/Inter-VariableFont_slnt,wght.ttf"; sourceTree = "<group>"; fileEncoding = undefined; lastKnownFileType = unknown; explicitFileType = undefined; includeInIndex = 0; };
		F34F124486774D79914AA97E /* Inter.ttf */ = {isa = PBXFileReference; name = "Inter.ttf"; path = "../src/assets/fonts/Inter.ttf"; sourceTree = "<group>"; fileEncoding = undefined; lastKnownFileType = unknown; explicitFileType = undefined; includeInIndex = 0; };
		0394A8AEED50462AA1737803 /* Montserrat-Bold.ttf */ = {isa = PBXFileReference; name = "Montserrat-Bold.ttf"; path = "../src/assets/fonts/Montserrat-Bold.ttf"; sourceTree = "<group>"; fileEncoding = undefined; lastKnownFileType = unknown; explicitFileType = undefined; includeInIndex = 0; };
		83B625A476A54F9C8F20BEDD /* Montserrat-ExtraLight.ttf */ = {isa = PBXFileReference; name = "Montserrat-ExtraLight.ttf"; path = "../src/assets/fonts/Montserrat-ExtraLight.ttf"; sourceTree = "<group>"; fileEncoding = undefined; lastKnownFileType = unknown; explicitFileType = undefined; includeInIndex = 0; };
		88D96395FEC249E8AD0374D2 /* Montserrat-Light.ttf */ = {isa = PBXFileReference; name = "Montserrat-Light.ttf"; path = "../src/assets/fonts/Montserrat-Light.ttf"; sourceTree = "<group>"; fileEncoding = undefined; lastKnownFileType = unknown; explicitFileType = undefined; includeInIndex = 0; };
		8A9FA4A9B5684889B3572CFA /* Montserrat-Regular.ttf */ = {isa = PBXFileReference; name = "Montserrat-Regular.ttf"; path = "../src/assets/fonts/Montserrat-Regular.ttf"; sourceTree = "<group>"; fileEncoding = undefined; lastKnownFileType = unknown; explicitFileType = undefined; includeInIndex = 0; };
		814D3FEE75784CFB885B4F72 /* Montserrat-Thin.ttf */ = {isa = PBXFileReference; name = "Montserrat-Thin.ttf"; path = "../src/assets/fonts/Montserrat-Thin.ttf"; sourceTree = "<group>"; fileEncoding = undefined; lastKnownFileType = unknown; explicitFileType = undefined; includeInIndex = 0; };
		D50FB743C3214D318437E38F /* Montserrat.ttf */ = {isa = PBXFileReference; name = "Montserrat.ttf"; path = "../src/assets/fonts/Montserrat.ttf"; sourceTree = "<group>"; fileEncoding = undefined; lastKnownFileType = unknown; explicitFileType = undefined; includeInIndex = 0; };
		1275D926DAE641DCB0045482 /* Monument.ttf */ = {isa = PBXFileReference; name = "Monument.ttf"; path = "../src/assets/fonts/Monument.ttf"; sourceTree = "<group>"; fileEncoding = undefined; lastKnownFileType = unknown; explicitFileType = undefined; includeInIndex = 0; };
		655871AC036B42FAA8A2E51E /* Poppins Regular.ttf */ = {isa = PBXFileReference; name = "Poppins Regular.ttf"; path = "../src/assets/fonts/Poppins Regular.ttf"; sourceTree = "<group>"; fileEncoding = undefined; lastKnownFileType = unknown; explicitFileType = undefined; includeInIndex = 0; };
		0C75C297F69A4056A4C282BE /* Poppins-Black.ttf */ = {isa = PBXFileReference; name = "Poppins-Black.ttf"; path = "../src/assets/fonts/Poppins-Black.ttf"; sourceTree = "<group>"; fileEncoding = undefined; lastKnownFileType = unknown; explicitFileType = undefined; includeInIndex = 0; };
		F984CCA523D5408F9EA71642 /* Poppins-BlackItalic.ttf */ = {isa = PBXFileReference; name = "Poppins-BlackItalic.ttf"; path = "../src/assets/fonts/Poppins-BlackItalic.ttf"; sourceTree = "<group>"; fileEncoding = undefined; lastKnownFileType = unknown; explicitFileType = undefined; includeInIndex = 0; };
		A33EDCDE8DF24657B971A5F2 /* Poppins-Bold.ttf */ = {isa = PBXFileReference; name = "Poppins-Bold.ttf"; path = "../src/assets/fonts/Poppins-Bold.ttf"; sourceTree = "<group>"; fileEncoding = undefined; lastKnownFileType = unknown; explicitFileType = undefined; includeInIndex = 0; };
		46A9AC12350647BE8EEB12EC /* Poppins-BoldItalic.ttf */ = {isa = PBXFileReference; name = "Poppins-BoldItalic.ttf"; path = "../src/assets/fonts/Poppins-BoldItalic.ttf"; sourceTree = "<group>"; fileEncoding = undefined; lastKnownFileType = unknown; explicitFileType = undefined; includeInIndex = 0; };
		780E1A3B071441C7A9315674 /* Poppins-ExtraBold.ttf */ = {isa = PBXFileReference; name = "Poppins-ExtraBold.ttf"; path = "../src/assets/fonts/Poppins-ExtraBold.ttf"; sourceTree = "<group>"; fileEncoding = undefined; lastKnownFileType = unknown; explicitFileType = undefined; includeInIndex = 0; };
		C3AF1A599FB74B389BA7F418 /* Poppins-ExtraBoldItalic.ttf */ = {isa = PBXFileReference; name = "Poppins-ExtraBoldItalic.ttf"; path = "../src/assets/fonts/Poppins-ExtraBoldItalic.ttf"; sourceTree = "<group>"; fileEncoding = undefined; lastKnownFileType = unknown; explicitFileType = undefined; includeInIndex = 0; };
		1AA200F3B18F454F940ED5A1 /* Poppins-ExtraLight.ttf */ = {isa = PBXFileReference; name = "Poppins-ExtraLight.ttf"; path = "../src/assets/fonts/Poppins-ExtraLight.ttf"; sourceTree = "<group>"; fileEncoding = undefined; lastKnownFileType = unknown; explicitFileType = undefined; includeInIndex = 0; };
		EF330F417C974CB788D2D318 /* Poppins-ExtraLightItalic.ttf */ = {isa = PBXFileReference; name = "Poppins-ExtraLightItalic.ttf"; path = "../src/assets/fonts/Poppins-ExtraLightItalic.ttf"; sourceTree = "<group>"; fileEncoding = undefined; lastKnownFileType = unknown; explicitFileType = undefined; includeInIndex = 0; };
		EAD10660B80B4C83A585E038 /* Poppins-Italic.ttf */ = {isa = PBXFileReference; name = "Poppins-Italic.ttf"; path = "../src/assets/fonts/Poppins-Italic.ttf"; sourceTree = "<group>"; fileEncoding = undefined; lastKnownFileType = unknown; explicitFileType = undefined; includeInIndex = 0; };
		688845E3C4E3427990D919F4 /* Poppins-Light.ttf */ = {isa = PBXFileReference; name = "Poppins-Light.ttf"; path = "../src/assets/fonts/Poppins-Light.ttf"; sourceTree = "<group>"; fileEncoding = undefined; lastKnownFileType = unknown; explicitFileType = undefined; includeInIndex = 0; };
		26103AB07DE74CEB8075AF61 /* Poppins-LightItalic.ttf */ = {isa = PBXFileReference; name = "Poppins-LightItalic.ttf"; path = "../src/assets/fonts/Poppins-LightItalic.ttf"; sourceTree = "<group>"; fileEncoding = undefined; lastKnownFileType = unknown; explicitFileType = undefined; includeInIndex = 0; };
		5DA4554D59214F15AD8D4FCF /* Poppins-Medium.ttf */ = {isa = PBXFileReference; name = "Poppins-Medium.ttf"; path = "../src/assets/fonts/Poppins-Medium.ttf"; sourceTree = "<group>"; fileEncoding = undefined; lastKnownFileType = unknown; explicitFileType = undefined; includeInIndex = 0; };
		570A75D52FBB4DDF98CAEE15 /* Poppins-MediumItalic.ttf */ = {isa = PBXFileReference; name = "Poppins-MediumItalic.ttf"; path = "../src/assets/fonts/Poppins-MediumItalic.ttf"; sourceTree = "<group>"; fileEncoding = undefined; lastKnownFileType = unknown; explicitFileType = undefined; includeInIndex = 0; };
		B2AD80338F324005958DE190 /* Poppins-Regular.ttf */ = {isa = PBXFileReference; name = "Poppins-Regular.ttf"; path = "../src/assets/fonts/Poppins-Regular.ttf"; sourceTree = "<group>"; fileEncoding = undefined; lastKnownFileType = unknown; explicitFileType = undefined; includeInIndex = 0; };
		6C4F03FB68E24E17AD089541 /* Poppins-SemiBold.ttf */ = {isa = PBXFileReference; name = "Poppins-SemiBold.ttf"; path = "../src/assets/fonts/Poppins-SemiBold.ttf"; sourceTree = "<group>"; fileEncoding = undefined; lastKnownFileType = unknown; explicitFileType = undefined; includeInIndex = 0; };
		BFFEC23DA99D4359991CEA50 /* Poppins-SemiBoldItalic.ttf */ = {isa = PBXFileReference; name = "Poppins-SemiBoldItalic.ttf"; path = "../src/assets/fonts/Poppins-SemiBoldItalic.ttf"; sourceTree = "<group>"; fileEncoding = undefined; lastKnownFileType = unknown; explicitFileType = undefined; includeInIndex = 0; };
		1C3964E576DD4FF481237470 /* Poppins-Thin.ttf */ = {isa = PBXFileReference; name = "Poppins-Thin.ttf"; path = "../src/assets/fonts/Poppins-Thin.ttf"; sourceTree = "<group>"; fileEncoding = undefined; lastKnownFileType = unknown; explicitFileType = undefined; includeInIndex = 0; };
		2E3BF77372CB48BEB5150324 /* Poppins-ThinItalic.ttf */ = {isa = PBXFileReference; name = "Poppins-ThinItalic.ttf"; path = "../src/assets/fonts/Poppins-ThinItalic.ttf"; sourceTree = "<group>"; fileEncoding = undefined; lastKnownFileType = unknown; explicitFileType = undefined; includeInIndex = 0; };
		86D5D6DEB2984041AEA27846 /* DM_Sans.zip */ = {isa = PBXFileReference; name = "DM_Sans.zip"; path = "../src/assets/fonts/DM_Sans.zip"; sourceTree = "<group>"; fileEncoding = undefined; lastKnownFileType = unknown; explicitFileType = undefined; includeInIndex = 0; };
		31FA1635600A42B7BFD629C8 /* Garet.zip */ = {isa = PBXFileReference; name = "Garet.zip"; path = "../src/assets/fonts/Garet.zip"; sourceTree = "<group>"; fileEncoding = undefined; lastKnownFileType = unknown; explicitFileType = undefined; includeInIndex = 0; };
		B7E27601BFB74B2FBF6F684F /* Inter.zip */ = {isa = PBXFileReference; name = "Inter.zip"; path = "../src/assets/fonts/Inter.zip"; sourceTree = "<group>"; fileEncoding = undefined; lastKnownFileType = unknown; explicitFileType = undefined; includeInIndex = 0; };
		B67FC498372146C2897B933A /* Montserrat.zip */ = {isa = PBXFileReference; name = "Montserrat.zip"; path = "../src/assets/fonts/Montserrat.zip"; sourceTree = "<group>"; fileEncoding = undefined; lastKnownFileType = unknown; explicitFileType = undefined; includeInIndex = 0; };
		7B0F6209E13F4CDC9BD27176 /* Poppins.zip */ = {isa = PBXFileReference; name = "Poppins.zip"; path = "../src/assets/fonts/Poppins.zip"; sourceTree = "<group>"; fileEncoding = undefined; lastKnownFileType = unknown; explicitFileType = undefined; includeInIndex = 0; };
/* End PBXFileReference section */

/* Begin PBXFrameworksBuildPhase section */
		00E356EB1AD99517003FC87E /* Frameworks */ = {
			isa = PBXFrameworksBuildPhase;
			buildActionMask = 2147483647;
			files = (
				7699B88040F8A987B510C191 /* libPods-tech_gym-tech_gymTests.a in Frameworks */,
			);
			runOnlyForDeploymentPostprocessing = 0;
		};
		13B07F8C1A680F5B00A75B9A /* Frameworks */ = {
			isa = PBXFrameworksBuildPhase;
			buildActionMask = 2147483647;
			files = (
				0C80B921A6F3F58F76C31292 /* libPods-tech_gym.a in Frameworks */,
			);
			runOnlyForDeploymentPostprocessing = 0;
		};
/* End PBXFrameworksBuildPhase section */

/* Begin PBXGroup section */
		00E356EF1AD99517003FC87E /* tech_gymTests */ = {
			isa = PBXGroup;
			children = (
				00E356F21AD99517003FC87E /* tech_gymTests.m */,
				00E356F01AD99517003FC87E /* Supporting Files */,
			);
			path = tech_gymTests;
			sourceTree = "<group>";
		};
		00E356F01AD99517003FC87E /* Supporting Files */ = {
			isa = PBXGroup;
			children = (
				00E356F11AD99517003FC87E /* Info.plist */,
			);
			name = "Supporting Files";
			sourceTree = "<group>";
		};
		13B07FAE1A68108700A75B9A /* tech_gym */ = {
			isa = PBXGroup;
			children = (
				13B07FAF1A68108700A75B9A /* AppDelegate.h */,
				13B07FB01A68108700A75B9A /* AppDelegate.mm */,
				13B07FB51A68108700A75B9A /* Images.xcassets */,
				13B07FB61A68108700A75B9A /* Info.plist */,
				81AB9BB72411601600AC10FF /* LaunchScreen.storyboard */,
				13B07FB71A68108700A75B9A /* main.m */,
				13B07FB81A68108700A75B9A /* PrivacyInfo.xcprivacy */,
			);
			name = tech_gym;
			sourceTree = "<group>";
		};
		2D16E6871FA4F8E400B85C8A /* Frameworks */ = {
			isa = PBXGroup;
			children = (
				ED297162215061F000B7C4FE /* JavaScriptCore.framework */,
				5DCACB8F33CDC322A6C60F78 /* libPods-tech_gym.a */,
				19F6CBCC0A4E27FBF8BF4A61 /* libPods-tech_gym-tech_gymTests.a */,
			);
			name = Frameworks;
			sourceTree = "<group>";
		};
		832341AE1AAA6A7D00B99B32 /* Libraries */ = {
			isa = PBXGroup;
			children = (
			);
			name = Libraries;
			sourceTree = "<group>";
		};
		83CBB9F61A601CBA00E9B192 = {
			isa = PBXGroup;
			children = (
				13B07FAE1A68108700A75B9A /* tech_gym */,
				832341AE1AAA6A7D00B99B32 /* Libraries */,
				00E356EF1AD99517003FC87E /* tech_gymTests */,
				83CBBA001A601CBA00E9B192 /* Products */,
				2D16E6871FA4F8E400B85C8A /* Frameworks */,
				BBD78D7AC51CEA395F1C20DB /* Pods */,
				3FEA5CF7D7B244EE968106E6 /* Resources */,
			);
			indentWidth = 2;
			sourceTree = "<group>";
			tabWidth = 2;
			usesTabs = 0;
		};
		83CBBA001A601CBA00E9B192 /* Products */ = {
			isa = PBXGroup;
			children = (
				13B07F961A680F5B00A75B9A /* tech_gym.app */,
				00E356EE1AD99517003FC87E /* tech_gymTests.xctest */,
			);
			name = Products;
			sourceTree = "<group>";
		};
		BBD78D7AC51CEA395F1C20DB /* Pods */ = {
			isa = PBXGroup;
			children = (
				3B4392A12AC88292D35C810B /* Pods-tech_gym.debug.xcconfig */,
				5709B34CF0A7D63546082F79 /* Pods-tech_gym.release.xcconfig */,
				5B7EB9410499542E8C5724F5 /* Pods-tech_gym-tech_gymTests.debug.xcconfig */,
				89C6BE57DB24E9ADA2F236DE /* Pods-tech_gym-tech_gymTests.release.xcconfig */,
			);
			path = Pods;
			sourceTree = "<group>";
		};
		3FEA5CF7D7B244EE968106E6 /* Resources */ = {
			isa = "PBXGroup";
			children = (
				A86B19847D6A4B528D56807B /* DMSans-Medium.ttf */,
				869D0A4AF8694D2D8A285712 /* DMSans-Regular.ttf */,
				96C674F27C4C4E728F288E28 /* DMSans-SemiBold.ttf */,
				162CEE83B2044444A8D77CCB /* DMSans.ttf */,
				BCDF3F1F0F2E48629E4F6109 /* Garet Bold.ttf */,
				3C9D4C9113E44CF993A16AEE /* Garet.ttf */,
				37CB217F1F5D4AFF8386A687 /* Inter-Black.ttf */,
				3D3F9EF5B5F944AA9DBEE8C3 /* Inter-Bold.ttf */,
				29A8D8C92FAF4DC9A672845D /* Inter-ExtraBold.ttf */,
				455469370E494AC5A448F033 /* Inter-ExtraLight.ttf */,
				4C885119582048DBA0AC4BE5 /* Inter-Light.ttf */,
				36E64DCAA9F940848621BC18 /* Inter-Medium.ttf */,
				367EF5F6971A439B959B0F78 /* Inter-Regular.ttf */,
				4832086DBA014E8A8315B99A /* Inter-SemiBold.ttf */,
				8A81B12E156046CCAAB8D3B3 /* Inter-Thin.ttf */,
				5135600002714B3C88EB53FC /* Inter-VariableFont_slnt,wght.ttf */,
				F34F124486774D79914AA97E /* Inter.ttf */,
				0394A8AEED50462AA1737803 /* Montserrat-Bold.ttf */,
				83B625A476A54F9C8F20BEDD /* Montserrat-ExtraLight.ttf */,
				88D96395FEC249E8AD0374D2 /* Montserrat-Light.ttf */,
				8A9FA4A9B5684889B3572CFA /* Montserrat-Regular.ttf */,
				814D3FEE75784CFB885B4F72 /* Montserrat-Thin.ttf */,
				D50FB743C3214D318437E38F /* Montserrat.ttf */,
				1275D926DAE641DCB0045482 /* Monument.ttf */,
				655871AC036B42FAA8A2E51E /* Poppins Regular.ttf */,
				0C75C297F69A4056A4C282BE /* Poppins-Black.ttf */,
				F984CCA523D5408F9EA71642 /* Poppins-BlackItalic.ttf */,
				A33EDCDE8DF24657B971A5F2 /* Poppins-Bold.ttf */,
				46A9AC12350647BE8EEB12EC /* Poppins-BoldItalic.ttf */,
				780E1A3B071441C7A9315674 /* Poppins-ExtraBold.ttf */,
				C3AF1A599FB74B389BA7F418 /* Poppins-ExtraBoldItalic.ttf */,
				1AA200F3B18F454F940ED5A1 /* Poppins-ExtraLight.ttf */,
				EF330F417C974CB788D2D318 /* Poppins-ExtraLightItalic.ttf */,
				EAD10660B80B4C83A585E038 /* Poppins-Italic.ttf */,
				688845E3C4E3427990D919F4 /* Poppins-Light.ttf */,
				26103AB07DE74CEB8075AF61 /* Poppins-LightItalic.ttf */,
				5DA4554D59214F15AD8D4FCF /* Poppins-Medium.ttf */,
				570A75D52FBB4DDF98CAEE15 /* Poppins-MediumItalic.ttf */,
				B2AD80338F324005958DE190 /* Poppins-Regular.ttf */,
				6C4F03FB68E24E17AD089541 /* Poppins-SemiBold.ttf */,
				BFFEC23DA99D4359991CEA50 /* Poppins-SemiBoldItalic.ttf */,
				1C3964E576DD4FF481237470 /* Poppins-Thin.ttf */,
				2E3BF77372CB48BEB5150324 /* Poppins-ThinItalic.ttf */,
				86D5D6DEB2984041AEA27846 /* DM_Sans.zip */,
				31FA1635600A42B7BFD629C8 /* Garet.zip */,
				B7E27601BFB74B2FBF6F684F /* Inter.zip */,
				B67FC498372146C2897B933A /* Montserrat.zip */,
				7B0F6209E13F4CDC9BD27176 /* Poppins.zip */,
			);
			name = Resources;
			sourceTree = "<group>";
			path = "";
		};
/* End PBXGroup section */

/* Begin PBXNativeTarget section */
		00E356ED1AD99517003FC87E /* tech_gymTests */ = {
			isa = PBXNativeTarget;
			buildConfigurationList = 00E357021AD99517003FC87E /* Build configuration list for PBXNativeTarget "tech_gymTests" */;
			buildPhases = (
				A55EABD7B0C7F3A422A6CC61 /* [CP] Check Pods Manifest.lock */,
				00E356EA1AD99517003FC87E /* Sources */,
				00E356EB1AD99517003FC87E /* Frameworks */,
				00E356EC1AD99517003FC87E /* Resources */,
				C59DA0FBD6956966B86A3779 /* [CP] Embed Pods Frameworks */,
				F6A41C54EA430FDDC6A6ED99 /* [CP] Copy Pods Resources */,
			);
			buildRules = (
			);
			dependencies = (
				00E356F51AD99517003FC87E /* PBXTargetDependency */,
			);
			name = tech_gymTests;
			productName = tech_gymTests;
			productReference = 00E356EE1AD99517003FC87E /* tech_gymTests.xctest */;
			productType = "com.apple.product-type.bundle.unit-test";
		};
		13B07F861A680F5B00A75B9A /* tech_gym */ = {
			isa = PBXNativeTarget;
			buildConfigurationList = 13B07F931A680F5B00A75B9A /* Build configuration list for PBXNativeTarget "tech_gym" */;
			buildPhases = (
				C38B50BA6285516D6DCD4F65 /* [CP] Check Pods Manifest.lock */,
				13B07F871A680F5B00A75B9A /* Sources */,
				13B07F8C1A680F5B00A75B9A /* Frameworks */,
				13B07F8E1A680F5B00A75B9A /* Resources */,
				00DD1BFF1BD5951E006B06BC /* Bundle React Native code and images */,
				00EEFC60759A1932668264C0 /* [CP] Embed Pods Frameworks */,
				E235C05ADACE081382539298 /* [CP] Copy Pods Resources */,
			);
			buildRules = (
			);
			dependencies = (
			);
			name = tech_gym;
			productName = tech_gym;
			productReference = 13B07F961A680F5B00A75B9A /* tech_gym.app */;
			productType = "com.apple.product-type.application";
		};
/* End PBXNativeTarget section */

/* Begin PBXProject section */
		83CBB9F71A601CBA00E9B192 /* Project object */ = {
			isa = PBXProject;
			attributes = {
				LastUpgradeCheck = 1210;
				TargetAttributes = {
					00E356ED1AD99517003FC87E = {
						CreatedOnToolsVersion = 6.2;
						TestTargetID = 13B07F861A680F5B00A75B9A;
					};
					13B07F861A680F5B00A75B9A = {
						LastSwiftMigration = 1120;
					};
				};
			};
			buildConfigurationList = 83CBB9FA1A601CBA00E9B192 /* Build configuration list for PBXProject "tech_gym" */;
			compatibilityVersion = "Xcode 12.0";
			developmentRegion = en;
			hasScannedForEncodings = 0;
			knownRegions = (
				en,
				Base,
			);
			mainGroup = 83CBB9F61A601CBA00E9B192;
			productRefGroup = 83CBBA001A601CBA00E9B192 /* Products */;
			projectDirPath = "";
			projectRoot = "";
			targets = (
				13B07F861A680F5B00A75B9A /* tech_gym */,
				00E356ED1AD99517003FC87E /* tech_gymTests */,
			);
		};
/* End PBXProject section */

/* Begin PBXResourcesBuildPhase section */
		00E356EC1AD99517003FC87E /* Resources */ = {
			isa = PBXResourcesBuildPhase;
			buildActionMask = 2147483647;
			files = (
			);
			runOnlyForDeploymentPostprocessing = 0;
		};
		13B07F8E1A680F5B00A75B9A /* Resources */ = {
			isa = PBXResourcesBuildPhase;
			buildActionMask = 2147483647;
			files = (
				81AB9BB82411601600AC10FF /* LaunchScreen.storyboard in Resources */,
				13B07FBF1A68108700A75B9A /* Images.xcassets in Resources */,
				365E124AC44C4AC7A7A3A457 /* DMSans-Medium.ttf in Resources */,
				273AD76364D74BCB99EAC32A /* DMSans-Regular.ttf in Resources */,
				0166E6C7456B43DB9ABF80D5 /* DMSans-SemiBold.ttf in Resources */,
				F6BD7AB392BE4FD792C6E936 /* DMSans.ttf in Resources */,
				E6DC20AE42FC4ACF90AC26C1 /* Garet Bold.ttf in Resources */,
				A52A2EBE869744BDA36F9FAB /* Garet.ttf in Resources */,
				13B77CEA604F4D1F89C152C0 /* Inter-Black.ttf in Resources */,
				8B8C9FBC8D6A46D282F0CFB5 /* Inter-Bold.ttf in Resources */,
				DFCC7773D7DA47B698037824 /* Inter-ExtraBold.ttf in Resources */,
				D75E78E7D57F4DC1A2093FA2 /* Inter-ExtraLight.ttf in Resources */,
				C0E6B69809024EC596993AD3 /* Inter-Light.ttf in Resources */,
				49BF496A6D504926B46FE98C /* Inter-Medium.ttf in Resources */,
				741A6FDA1A2D44F2906C6BED /* Inter-Regular.ttf in Resources */,
				E6F7C903E72C4523BE5357E2 /* Inter-SemiBold.ttf in Resources */,
				87813A6284254516B4A7B96F /* Inter-Thin.ttf in Resources */,
				3E7E7DED94D14A81B6F83F33 /* Inter-VariableFont_slnt,wght.ttf in Resources */,
				1C6BECA1D4C54571ACDAC887 /* Inter.ttf in Resources */,
				48085ACDA47647E7BF58F3DA /* Montserrat-Bold.ttf in Resources */,
				23C13B84F9AE47449F6FAA2A /* Montserrat-ExtraLight.ttf in Resources */,
				F4A02D941908444DB9550BB9 /* Montserrat-Light.ttf in Resources */,
				2E1135785E4C44AB94D89939 /* Montserrat-Regular.ttf in Resources */,
				7403B9405CC5452D84A7B916 /* Montserrat-Thin.ttf in Resources */,
				AE0940D2899D4B37B877AF61 /* Montserrat.ttf in Resources */,
				0DE882D00E034546A392A94B /* Monument.ttf in Resources */,
				C42F6847B07E4C049D9E2AC6 /* Poppins Regular.ttf in Resources */,
				7F50AFC9D9FB4986AAEEC6ED /* Poppins-Black.ttf in Resources */,
				77BF0ADB9A5543E9B7CD7213 /* Poppins-BlackItalic.ttf in Resources */,
				0649109590EE4E7CAF633975 /* Poppins-Bold.ttf in Resources */,
				CB8955A2E62344CC9FDBB50F /* Poppins-BoldItalic.ttf in Resources */,
				28B2CAEF49D545CEA1C4DF61 /* Poppins-ExtraBold.ttf in Resources */,
				7F3C50CEC4554A4C88DB1535 /* Poppins-ExtraBoldItalic.ttf in Resources */,
				F8CE865947834FF99B90C1A6 /* Poppins-ExtraLight.ttf in Resources */,
				CE8C0BDB683640459CE97610 /* Poppins-ExtraLightItalic.ttf in Resources */,
				CB00077ACDC34BE79ED09A83 /* Poppins-Italic.ttf in Resources */,
				CD7B2CE052744CAC9A1AF9B9 /* Poppins-Light.ttf in Resources */,
				31763A1470DC4A92A2C329DF /* Poppins-LightItalic.ttf in Resources */,
				79A3F6FD2C8D4F208DF9BDD5 /* Poppins-Medium.ttf in Resources */,
				F33074B66A884593AC07CAAB /* Poppins-MediumItalic.ttf in Resources */,
				49E3EC97E83C4A5C87A4E943 /* Poppins-Regular.ttf in Resources */,
				E7FE92DE08C04CA5A33AF37D /* Poppins-SemiBold.ttf in Resources */,
				0D3EB3012F5A4A3DA2790918 /* Poppins-SemiBoldItalic.ttf in Resources */,
				9C6718DE4DDA48D1B85415CC /* Poppins-Thin.ttf in Resources */,
				1789004807FF42DAB455F1BB /* Poppins-ThinItalic.ttf in Resources */,
				608BB1B044F245CE9B9E9E4F /* DM_Sans.zip in Resources */,
				DFC60C16B1FD44A4A05C4C2B /* Garet.zip in Resources */,
				CC73FCFCEAEA4C1F9184D4F2 /* Inter.zip in Resources */,
				EBA3747D096D4FA29F3157A7 /* Montserrat.zip in Resources */,
				2BE44E78B33A49D8A1F0EC8E /* Poppins.zip in Resources */,
			);
			runOnlyForDeploymentPostprocessing = 0;
		};
/* End PBXResourcesBuildPhase section */

/* Begin PBXShellScriptBuildPhase section */
		00DD1BFF1BD5951E006B06BC /* Bundle React Native code and images */ = {
			isa = PBXShellScriptBuildPhase;
			buildActionMask = 2147483647;
			files = (
			);
			inputPaths = (
				"$(SRCROOT)/.xcode.env.local",
				"$(SRCROOT)/.xcode.env",
			);
			name = "Bundle React Native code and images";
			outputPaths = (
			);
			runOnlyForDeploymentPostprocessing = 0;
			shellPath = /bin/sh;
			shellScript = "set -e\n\nWITH_ENVIRONMENT=\"$REACT_NATIVE_PATH/scripts/xcode/with-environment.sh\"\nREACT_NATIVE_XCODE=\"$REACT_NATIVE_PATH/scripts/react-native-xcode.sh\"\n\n/bin/sh -c \"$WITH_ENVIRONMENT $REACT_NATIVE_XCODE\"\n";
		};
		00EEFC60759A1932668264C0 /* [CP] Embed Pods Frameworks */ = {
			isa = PBXShellScriptBuildPhase;
			buildActionMask = 2147483647;
			files = (
			);
			inputFileListPaths = (
				"${PODS_ROOT}/Target Support Files/Pods-tech_gym/Pods-tech_gym-frameworks-${CONFIGURATION}-input-files.xcfilelist",
			);
			name = "[CP] Embed Pods Frameworks";
			outputFileListPaths = (
				"${PODS_ROOT}/Target Support Files/Pods-tech_gym/Pods-tech_gym-frameworks-${CONFIGURATION}-output-files.xcfilelist",
			);
			runOnlyForDeploymentPostprocessing = 0;
			shellPath = /bin/sh;
			shellScript = "\"${PODS_ROOT}/Target Support Files/Pods-tech_gym/Pods-tech_gym-frameworks.sh\"\n";
			showEnvVarsInLog = 0;
		};
		A55EABD7B0C7F3A422A6CC61 /* [CP] Check Pods Manifest.lock */ = {
			isa = PBXShellScriptBuildPhase;
			buildActionMask = 2147483647;
			files = (
			);
			inputFileListPaths = (
			);
			inputPaths = (
				"${PODS_PODFILE_DIR_PATH}/Podfile.lock",
				"${PODS_ROOT}/Manifest.lock",
			);
			name = "[CP] Check Pods Manifest.lock";
			outputFileListPaths = (
			);
			outputPaths = (
				"$(DERIVED_FILE_DIR)/Pods-tech_gym-tech_gymTests-checkManifestLockResult.txt",
			);
			runOnlyForDeploymentPostprocessing = 0;
			shellPath = /bin/sh;
			shellScript = "diff \"${PODS_PODFILE_DIR_PATH}/Podfile.lock\" \"${PODS_ROOT}/Manifest.lock\" > /dev/null\nif [ $? != 0 ] ; then\n    # print error to STDERR\n    echo \"error: The sandbox is not in sync with the Podfile.lock. Run 'pod install' or update your CocoaPods installation.\" >&2\n    exit 1\nfi\n# This output is used by Xcode 'outputs' to avoid re-running this script phase.\necho \"SUCCESS\" > \"${SCRIPT_OUTPUT_FILE_0}\"\n";
			showEnvVarsInLog = 0;
		};
		C38B50BA6285516D6DCD4F65 /* [CP] Check Pods Manifest.lock */ = {
			isa = PBXShellScriptBuildPhase;
			buildActionMask = 2147483647;
			files = (
			);
			inputFileListPaths = (
			);
			inputPaths = (
				"${PODS_PODFILE_DIR_PATH}/Podfile.lock",
				"${PODS_ROOT}/Manifest.lock",
			);
			name = "[CP] Check Pods Manifest.lock";
			outputFileListPaths = (
			);
			outputPaths = (
				"$(DERIVED_FILE_DIR)/Pods-tech_gym-checkManifestLockResult.txt",
			);
			runOnlyForDeploymentPostprocessing = 0;
			shellPath = /bin/sh;
			shellScript = "diff \"${PODS_PODFILE_DIR_PATH}/Podfile.lock\" \"${PODS_ROOT}/Manifest.lock\" > /dev/null\nif [ $? != 0 ] ; then\n    # print error to STDERR\n    echo \"error: The sandbox is not in sync with the Podfile.lock. Run 'pod install' or update your CocoaPods installation.\" >&2\n    exit 1\nfi\n# This output is used by Xcode 'outputs' to avoid re-running this script phase.\necho \"SUCCESS\" > \"${SCRIPT_OUTPUT_FILE_0}\"\n";
			showEnvVarsInLog = 0;
		};
		C59DA0FBD6956966B86A3779 /* [CP] Embed Pods Frameworks */ = {
			isa = PBXShellScriptBuildPhase;
			buildActionMask = 2147483647;
			files = (
			);
			inputFileListPaths = (
				"${PODS_ROOT}/Target Support Files/Pods-tech_gym-tech_gymTests/Pods-tech_gym-tech_gymTests-frameworks-${CONFIGURATION}-input-files.xcfilelist",
			);
			name = "[CP] Embed Pods Frameworks";
			outputFileListPaths = (
				"${PODS_ROOT}/Target Support Files/Pods-tech_gym-tech_gymTests/Pods-tech_gym-tech_gymTests-frameworks-${CONFIGURATION}-output-files.xcfilelist",
			);
			runOnlyForDeploymentPostprocessing = 0;
			shellPath = /bin/sh;
			shellScript = "\"${PODS_ROOT}/Target Support Files/Pods-tech_gym-tech_gymTests/Pods-tech_gym-tech_gymTests-frameworks.sh\"\n";
			showEnvVarsInLog = 0;
		};
		E235C05ADACE081382539298 /* [CP] Copy Pods Resources */ = {
			isa = PBXShellScriptBuildPhase;
			buildActionMask = 2147483647;
			files = (
			);
			inputFileListPaths = (
				"${PODS_ROOT}/Target Support Files/Pods-tech_gym/Pods-tech_gym-resources-${CONFIGURATION}-input-files.xcfilelist",
			);
			name = "[CP] Copy Pods Resources";
			outputFileListPaths = (
				"${PODS_ROOT}/Target Support Files/Pods-tech_gym/Pods-tech_gym-resources-${CONFIGURATION}-output-files.xcfilelist",
			);
			runOnlyForDeploymentPostprocessing = 0;
			shellPath = /bin/sh;
			shellScript = "\"${PODS_ROOT}/Target Support Files/Pods-tech_gym/Pods-tech_gym-resources.sh\"\n";
			showEnvVarsInLog = 0;
		};
		F6A41C54EA430FDDC6A6ED99 /* [CP] Copy Pods Resources */ = {
			isa = PBXShellScriptBuildPhase;
			buildActionMask = 2147483647;
			files = (
			);
			inputFileListPaths = (
				"${PODS_ROOT}/Target Support Files/Pods-tech_gym-tech_gymTests/Pods-tech_gym-tech_gymTests-resources-${CONFIGURATION}-input-files.xcfilelist",
			);
			name = "[CP] Copy Pods Resources";
			outputFileListPaths = (
				"${PODS_ROOT}/Target Support Files/Pods-tech_gym-tech_gymTests/Pods-tech_gym-tech_gymTests-resources-${CONFIGURATION}-output-files.xcfilelist",
			);
			runOnlyForDeploymentPostprocessing = 0;
			shellPath = /bin/sh;
			shellScript = "\"${PODS_ROOT}/Target Support Files/Pods-tech_gym-tech_gymTests/Pods-tech_gym-tech_gymTests-resources.sh\"\n";
			showEnvVarsInLog = 0;
		};
/* End PBXShellScriptBuildPhase section */

/* Begin PBXSourcesBuildPhase section */
		00E356EA1AD99517003FC87E /* Sources */ = {
			isa = PBXSourcesBuildPhase;
			buildActionMask = 2147483647;
			files = (
				00E356F31AD99517003FC87E /* tech_gymTests.m in Sources */,
			);
			runOnlyForDeploymentPostprocessing = 0;
		};
		13B07F871A680F5B00A75B9A /* Sources */ = {
			isa = PBXSourcesBuildPhase;
			buildActionMask = 2147483647;
			files = (
				13B07FBC1A68108700A75B9A /* AppDelegate.mm in Sources */,
				13B07FC11A68108700A75B9A /* main.m in Sources */,
			);
			runOnlyForDeploymentPostprocessing = 0;
		};
/* End PBXSourcesBuildPhase section */

/* Begin PBXTargetDependency section */
		00E356F51AD99517003FC87E /* PBXTargetDependency */ = {
			isa = PBXTargetDependency;
			target = 13B07F861A680F5B00A75B9A /* tech_gym */;
			targetProxy = 00E356F41AD99517003FC87E /* PBXContainerItemProxy */;
		};
/* End PBXTargetDependency section */

/* Begin XCBuildConfiguration section */
		00E356F61AD99517003FC87E /* Debug */ = {
			isa = XCBuildConfiguration;
			baseConfigurationReference = 5B7EB9410499542E8C5724F5 /* Pods-tech_gym-tech_gymTests.debug.xcconfig */;
			buildSettings = {
				BUNDLE_LOADER = "$(TEST_HOST)";
				GCC_PREPROCESSOR_DEFINITIONS = (
					"DEBUG=1",
					"$(inherited)",
				);
				INFOPLIST_FILE = tech_gymTests/Info.plist;
				IPHONEOS_DEPLOYMENT_TARGET = 13.4;
				LD_RUNPATH_SEARCH_PATHS = (
					"$(inherited)",
					"@executable_path/Frameworks",
					"@loader_path/Frameworks",
				);
				OTHER_LDFLAGS = (
					"-ObjC",
					"-lc++",
					"$(inherited)",
				);
				PRODUCT_BUNDLE_IDENTIFIER = "org.reactjs.native.example.$(PRODUCT_NAME:rfc1034identifier)";
				PRODUCT_NAME = "$(TARGET_NAME)";
				TEST_HOST = "$(BUILT_PRODUCTS_DIR)/tech_gym.app/tech_gym";
			};
			name = Debug;
		};
		00E356F71AD99517003FC87E /* Release */ = {
			isa = XCBuildConfiguration;
			baseConfigurationReference = 89C6BE57DB24E9ADA2F236DE /* Pods-tech_gym-tech_gymTests.release.xcconfig */;
			buildSettings = {
				BUNDLE_LOADER = "$(TEST_HOST)";
				COPY_PHASE_STRIP = NO;
				INFOPLIST_FILE = tech_gymTests/Info.plist;
				IPHONEOS_DEPLOYMENT_TARGET = 13.4;
				LD_RUNPATH_SEARCH_PATHS = (
					"$(inherited)",
					"@executable_path/Frameworks",
					"@loader_path/Frameworks",
				);
				OTHER_LDFLAGS = (
					"-ObjC",
					"-lc++",
					"$(inherited)",
				);
				PRODUCT_BUNDLE_IDENTIFIER = "org.reactjs.native.example.$(PRODUCT_NAME:rfc1034identifier)";
				PRODUCT_NAME = "$(TARGET_NAME)";
				TEST_HOST = "$(BUILT_PRODUCTS_DIR)/tech_gym.app/tech_gym";
			};
			name = Release;
		};
		13B07F941A680F5B00A75B9A /* Debug */ = {
			isa = XCBuildConfiguration;
			baseConfigurationReference = 3B4392A12AC88292D35C810B /* Pods-tech_gym.debug.xcconfig */;
			buildSettings = {
				ASSETCATALOG_COMPILER_APPICON_NAME = AppIcon;
				CLANG_ENABLE_MODULES = YES;
				CURRENT_PROJECT_VERSION = 1;
				ENABLE_BITCODE = NO;
				INFOPLIST_FILE = tech_gym/Info.plist;
				LD_RUNPATH_SEARCH_PATHS = (
					"$(inherited)",
					"@executable_path/Frameworks",
				);
				MARKETING_VERSION = 1.0;
				OTHER_LDFLAGS = (
					"$(inherited)",
					"-ObjC",
					"-lc++",
				);
				PRODUCT_BUNDLE_IDENTIFIER = "org.reactjs.native.example.$(PRODUCT_NAME:rfc1034identifier)";
				PRODUCT_NAME = tech_gym;
				SWIFT_OPTIMIZATION_LEVEL = "-Onone";
				SWIFT_VERSION = 5.0;
				VERSIONING_SYSTEM = "apple-generic";
			};
			name = Debug;
		};
		13B07F951A680F5B00A75B9A /* Release */ = {
			isa = XCBuildConfiguration;
			baseConfigurationReference = 5709B34CF0A7D63546082F79 /* Pods-tech_gym.release.xcconfig */;
			buildSettings = {
				ASSETCATALOG_COMPILER_APPICON_NAME = AppIcon;
				CLANG_ENABLE_MODULES = YES;
				CURRENT_PROJECT_VERSION = 1;
				INFOPLIST_FILE = tech_gym/Info.plist;
				LD_RUNPATH_SEARCH_PATHS = (
					"$(inherited)",
					"@executable_path/Frameworks",
				);
				MARKETING_VERSION = 1.0;
				OTHER_LDFLAGS = (
					"$(inherited)",
					"-ObjC",
					"-lc++",
				);
				PRODUCT_BUNDLE_IDENTIFIER = "org.reactjs.native.example.$(PRODUCT_NAME:rfc1034identifier)";
				PRODUCT_NAME = tech_gym;
				SWIFT_VERSION = 5.0;
				VERSIONING_SYSTEM = "apple-generic";
			};
			name = Release;
		};
		83CBBA201A601CBA00E9B192 /* Debug */ = {
			isa = XCBuildConfiguration;
			buildSettings = {
				ALWAYS_SEARCH_USER_PATHS = NO;
				CLANG_ANALYZER_LOCALIZABILITY_NONLOCALIZED = YES;
				CLANG_CXX_LANGUAGE_STANDARD = "c++20";
				CLANG_CXX_LIBRARY = "libc++";
				CLANG_ENABLE_MODULES = YES;
				CLANG_ENABLE_OBJC_ARC = YES;
				CLANG_WARN_BLOCK_CAPTURE_AUTORELEASING = YES;
				CLANG_WARN_BOOL_CONVERSION = YES;
				CLANG_WARN_COMMA = YES;
				CLANG_WARN_CONSTANT_CONVERSION = YES;
				CLANG_WARN_DEPRECATED_OBJC_IMPLEMENTATIONS = YES;
				CLANG_WARN_DIRECT_OBJC_ISA_USAGE = YES_ERROR;
				CLANG_WARN_EMPTY_BODY = YES;
				CLANG_WARN_ENUM_CONVERSION = YES;
				CLANG_WARN_INFINITE_RECURSION = YES;
				CLANG_WARN_INT_CONVERSION = YES;
				CLANG_WARN_NON_LITERAL_NULL_CONVERSION = YES;
				CLANG_WARN_OBJC_IMPLICIT_RETAIN_SELF = YES;
				CLANG_WARN_OBJC_LITERAL_CONVERSION = YES;
				CLANG_WARN_OBJC_ROOT_CLASS = YES_ERROR;
				CLANG_WARN_QUOTED_INCLUDE_IN_FRAMEWORK_HEADER = YES;
				CLANG_WARN_RANGE_LOOP_ANALYSIS = YES;
				CLANG_WARN_STRICT_PROTOTYPES = YES;
				CLANG_WARN_SUSPICIOUS_MOVE = YES;
				CLANG_WARN_UNREACHABLE_CODE = YES;
				CLANG_WARN__DUPLICATE_METHOD_MATCH = YES;
				"CODE_SIGN_IDENTITY[sdk=iphoneos*]" = "iPhone Developer";
				COPY_PHASE_STRIP = NO;
				ENABLE_STRICT_OBJC_MSGSEND = YES;
				ENABLE_TESTABILITY = YES;
				"EXCLUDED_ARCHS[sdk=iphonesimulator*]" = "";
				GCC_C_LANGUAGE_STANDARD = gnu99;
				GCC_DYNAMIC_NO_PIC = NO;
				GCC_NO_COMMON_BLOCKS = YES;
				GCC_OPTIMIZATION_LEVEL = 0;
				GCC_PREPROCESSOR_DEFINITIONS = (
					"DEBUG=1",
					"$(inherited)",
				);
				GCC_SYMBOLS_PRIVATE_EXTERN = NO;
				GCC_WARN_64_TO_32_BIT_CONVERSION = YES;
				GCC_WARN_ABOUT_RETURN_TYPE = YES_ERROR;
				GCC_WARN_UNDECLARED_SELECTOR = YES;
				GCC_WARN_UNINITIALIZED_AUTOS = YES_AGGRESSIVE;
				GCC_WARN_UNUSED_FUNCTION = YES;
				GCC_WARN_UNUSED_VARIABLE = YES;
				IPHONEOS_DEPLOYMENT_TARGET = 13.4;
				LD_RUNPATH_SEARCH_PATHS = (
					/usr/lib/swift,
					"$(inherited)",
				);
				LIBRARY_SEARCH_PATHS = (
					"\"$(SDKROOT)/usr/lib/swift\"",
					"\"$(TOOLCHAIN_DIR)/usr/lib/swift/$(PLATFORM_NAME)\"",
					"\"$(inherited)\"",
				);
				MTL_ENABLE_DEBUG_INFO = YES;
				ONLY_ACTIVE_ARCH = YES;
				OTHER_CPLUSPLUSFLAGS = (
					"$(OTHER_CFLAGS)",
					"-DFOLLY_NO_CONFIG",
					"-DFOLLY_MOBILE=1",
					"-DFOLLY_USE_LIBCPP=1",
					"-DFOLLY_CFG_NO_COROUTINES=1",
					"-DFOLLY_HAVE_CLOCK_GETTIME=1",
				);
				SDKROOT = iphoneos;
			};
			name = Debug;
		};
		83CBBA211A601CBA00E9B192 /* Release */ = {
			isa = XCBuildConfiguration;
			buildSettings = {
				ALWAYS_SEARCH_USER_PATHS = NO;
				CLANG_ANALYZER_LOCALIZABILITY_NONLOCALIZED = YES;
				CLANG_CXX_LANGUAGE_STANDARD = "c++20";
				CLANG_CXX_LIBRARY = "libc++";
				CLANG_ENABLE_MODULES = YES;
				CLANG_ENABLE_OBJC_ARC = YES;
				CLANG_WARN_BLOCK_CAPTURE_AUTORELEASING = YES;
				CLANG_WARN_BOOL_CONVERSION = YES;
				CLANG_WARN_COMMA = YES;
				CLANG_WARN_CONSTANT_CONVERSION = YES;
				CLANG_WARN_DEPRECATED_OBJC_IMPLEMENTATIONS = YES;
				CLANG_WARN_DIRECT_OBJC_ISA_USAGE = YES_ERROR;
				CLANG_WARN_EMPTY_BODY = YES;
				CLANG_WARN_ENUM_CONVERSION = YES;
				CLANG_WARN_INFINITE_RECURSION = YES;
				CLANG_WARN_INT_CONVERSION = YES;
				CLANG_WARN_NON_LITERAL_NULL_CONVERSION = YES;
				CLANG_WARN_OBJC_IMPLICIT_RETAIN_SELF = YES;
				CLANG_WARN_OBJC_LITERAL_CONVERSION = YES;
				CLANG_WARN_OBJC_ROOT_CLASS = YES_ERROR;
				CLANG_WARN_QUOTED_INCLUDE_IN_FRAMEWORK_HEADER = YES;
				CLANG_WARN_RANGE_LOOP_ANALYSIS = YES;
				CLANG_WARN_STRICT_PROTOTYPES = YES;
				CLANG_WARN_SUSPICIOUS_MOVE = YES;
				CLANG_WARN_UNREACHABLE_CODE = YES;
				CLANG_WARN__DUPLICATE_METHOD_MATCH = YES;
				"CODE_SIGN_IDENTITY[sdk=iphoneos*]" = "iPhone Developer";
				COPY_PHASE_STRIP = YES;
				ENABLE_NS_ASSERTIONS = NO;
				ENABLE_STRICT_OBJC_MSGSEND = YES;
				"EXCLUDED_ARCHS[sdk=iphonesimulator*]" = "";
				GCC_C_LANGUAGE_STANDARD = gnu99;
				GCC_NO_COMMON_BLOCKS = YES;
				GCC_WARN_64_TO_32_BIT_CONVERSION = YES;
				GCC_WARN_ABOUT_RETURN_TYPE = YES_ERROR;
				GCC_WARN_UNDECLARED_SELECTOR = YES;
				GCC_WARN_UNINITIALIZED_AUTOS = YES_AGGRESSIVE;
				GCC_WARN_UNUSED_FUNCTION = YES;
				GCC_WARN_UNUSED_VARIABLE = YES;
				IPHONEOS_DEPLOYMENT_TARGET = 13.4;
				LD_RUNPATH_SEARCH_PATHS = (
					/usr/lib/swift,
					"$(inherited)",
				);
				LIBRARY_SEARCH_PATHS = (
					"\"$(SDKROOT)/usr/lib/swift\"",
					"\"$(TOOLCHAIN_DIR)/usr/lib/swift/$(PLATFORM_NAME)\"",
					"\"$(inherited)\"",
				);
				MTL_ENABLE_DEBUG_INFO = NO;
				OTHER_CPLUSPLUSFLAGS = (
					"$(OTHER_CFLAGS)",
					"-DFOLLY_NO_CONFIG",
					"-DFOLLY_MOBILE=1",
					"-DFOLLY_USE_LIBCPP=1",
					"-DFOLLY_CFG_NO_COROUTINES=1",
					"-DFOLLY_HAVE_CLOCK_GETTIME=1",
				);
				SDKROOT = iphoneos;
				VALIDATE_PRODUCT = YES;
			};
			name = Release;
		};
/* End XCBuildConfiguration section */

/* Begin XCConfigurationList section */
		00E357021AD99517003FC87E /* Build configuration list for PBXNativeTarget "tech_gymTests" */ = {
			isa = XCConfigurationList;
			buildConfigurations = (
				00E356F61AD99517003FC87E /* Debug */,
				00E356F71AD99517003FC87E /* Release */,
			);
			defaultConfigurationIsVisible = 0;
			defaultConfigurationName = Release;
		};
		13B07F931A680F5B00A75B9A /* Build configuration list for PBXNativeTarget "tech_gym" */ = {
			isa = XCConfigurationList;
			buildConfigurations = (
				13B07F941A680F5B00A75B9A /* Debug */,
				13B07F951A680F5B00A75B9A /* Release */,
			);
			defaultConfigurationIsVisible = 0;
			defaultConfigurationName = Release;
		};
		83CBB9FA1A601CBA00E9B192 /* Build configuration list for PBXProject "tech_gym" */ = {
			isa = XCConfigurationList;
			buildConfigurations = (
				83CBBA201A601CBA00E9B192 /* Debug */,
				83CBBA211A601CBA00E9B192 /* Release */,
			);
			defaultConfigurationIsVisible = 0;
			defaultConfigurationName = Release;
		};
/* End XCConfigurationList section */
	};
	rootObject = 83CBB9F71A601CBA00E9B192 /* Project object */;
}
